{
  "originHash" : "ebceddd86fbb56606c58f390bab5c2f5d70d1b346fa4c53c9ddc2795c0f96aaf",
  "pins" : [
    {
      "identity" : "moonlight-apple-decoder",
      "kind" : "remoteSourceControl",
      "location" : "https://github.com/NickMagic25/moonlight-apple-decoder.git",
      "state" : {
        "revision" : "8d92ee039dc19fe50dc0158d5098d4c5646c6a56"
      }
    }
  ],
  "version" : 3
}
